// !$*UTF8*$!
{
	archiveVersion = 1;
	classes = {
	};
	objectVersion = 48;
	objects = {

/* Begin PBXBuildFile section */
		DA3E4B92B79F8D24B3E27D36 /* Pods_NBAstatz.framework in Frameworks */ = {isa = PBXBuildFile; fileRef = 8D3BCE62DA0F6BA0A4820355 /* Pods_NBAstatz.framework */; };
		F73808252093FDEE005D45FF /* PlayerClass.swift in Sources */ = {isa = PBXBuildFile; fileRef = F73808242093FDEE005D45FF /* PlayerClass.swift */; };
		F738082720967A82005D45FF /* DataController.swift in Sources */ = {isa = PBXBuildFile; fileRef = F738082620967A82005D45FF /* DataController.swift */; };
		F73808292097E2ED005D45FF /* AnimateViewController.swift in Sources */ = {isa = PBXBuildFile; fileRef = F73808282097E2ED005D45FF /* AnimateViewController.swift */; };
		F752F9CC2048E3A80037B698 /* AppDelegate.swift in Sources */ = {isa = PBXBuildFile; fileRef = F752F9CB2048E3A80037B698 /* AppDelegate.swift */; };
		F752F9CE2048E3A80037B698 /* HomeViewController.swift in Sources */ = {isa = PBXBuildFile; fileRef = F752F9CD2048E3A80037B698 /* HomeViewController.swift */; };
		F752F9D12048E3A80037B698 /* Main.storyboard in Resources */ = {isa = PBXBuildFile; fileRef = F752F9CF2048E3A80037B698 /* Main.storyboard */; };
		F752F9D42048E3A80037B698 /* NBAstatz.xcdatamodeld in Sources */ = {isa = PBXBuildFile; fileRef = F752F9D22048E3A80037B698 /* NBAstatz.xcdatamodeld */; };
		F752F9D62048E3A80037B698 /* Assets.xcassets in Resources */ = {isa = PBXBuildFile; fileRef = F752F9D52048E3A80037B698 /* Assets.xcassets */; };
		F752F9D92048E3A80037B698 /* LaunchScreen.storyboard in Resources */ = {isa = PBXBuildFile; fileRef = F752F9D72048E3A80037B698 /* LaunchScreen.storyboard */; };
		F752F9E12048E41A0037B698 /* GoogleService-Info.plist in Resources */ = {isa = PBXBuildFile; fileRef = F752F9E02048E41A0037B698 /* GoogleService-Info.plist */; };
		F752F9E32048F7830037B698 /* CustomAuthViewController.swift in Sources */ = {isa = PBXBuildFile; fileRef = F752F9E22048F7830037B698 /* CustomAuthViewController.swift */; };
		F752F9E8204B76590037B698 /* SwiftyJSON.framework in Frameworks */ = {isa = PBXBuildFile; fileRef = F752F9E9204B76590037B698 /* SwiftyJSON.framework */; };
		F752F9EB204B779D0037B698 /* MasterNetwork.swift in Sources */ = {isa = PBXBuildFile; fileRef = F752F9EA204B779D0037B698 /* MasterNetwork.swift */; };
		F752F9ED204B7C280037B698 /* RosterVC.swift in Sources */ = {isa = PBXBuildFile; fileRef = F752F9EC204B7C280037B698 /* RosterVC.swift */; };
		F785A65F209388EB00783FA7 /* Constants.swift in Sources */ = {isa = PBXBuildFile; fileRef = F785A65E209388EB00783FA7 /* Constants.swift */; };
/* End PBXBuildFile section */

/* Begin PBXFileReference section */
		1E14D45BCB0E7DFDEBA18345 /* Pods-NBAstatz.debug.xcconfig */ = {isa = PBXFileReference; includeInIndex = 1; lastKnownFileType = text.xcconfig; name = "Pods-NBAstatz.debug.xcconfig"; path = "Pods/Target Support Files/Pods-NBAstatz/Pods-NBAstatz.debug.xcconfig"; sourceTree = "<group>"; };
		7571A15398CE46898D251469 /* Pods-NBAstatz.release.xcconfig */ = {isa = PBXFileReference; includeInIndex = 1; lastKnownFileType = text.xcconfig; name = "Pods-NBAstatz.release.xcconfig"; path = "Pods/Target Support Files/Pods-NBAstatz/Pods-NBAstatz.release.xcconfig"; sourceTree = "<group>"; };
		8D3BCE62DA0F6BA0A4820355 /* Pods_NBAstatz.framework */ = {isa = PBXFileReference; explicitFileType = wrapper.framework; includeInIndex = 0; path = Pods_NBAstatz.framework; sourceTree = BUILT_PRODUCTS_DIR; };
		F73808242093FDEE005D45FF /* PlayerClass.swift */ = {isa = PBXFileReference; lastKnownFileType = sourcecode.swift; path = PlayerClass.swift; sourceTree = "<group>"; };
		F738082620967A82005D45FF /* DataController.swift */ = {isa = PBXFileReference; lastKnownFileType = sourcecode.swift; path = DataController.swift; sourceTree = "<group>"; };
		F73808282097E2ED005D45FF /* AnimateViewController.swift */ = {isa = PBXFileReference; lastKnownFileType = sourcecode.swift; path = AnimateViewController.swift; sourceTree = "<group>"; };
		F752F9C82048E3A80037B698 /* NBAstatz.app */ = {isa = PBXFileReference; explicitFileType = wrapper.application; includeInIndex = 0; path = NBAstatz.app; sourceTree = BUILT_PRODUCTS_DIR; };
		F752F9CB2048E3A80037B698 /* AppDelegate.swift */ = {isa = PBXFileReference; lastKnownFileType = sourcecode.swift; path = AppDelegate.swift; sourceTree = "<group>"; };
		F752F9CD2048E3A80037B698 /* HomeViewController.swift */ = {isa = PBXFileReference; lastKnownFileType = sourcecode.swift; path = HomeViewController.swift; sourceTree = "<group>"; };
		F752F9D02048E3A80037B698 /* Base */ = {isa = PBXFileReference; lastKnownFileType = file.storyboard; name = Base; path = Base.lproj/Main.storyboard; sourceTree = "<group>"; };
		F752F9D32048E3A80037B698 /* NBAstatz.xcdatamodel */ = {isa = PBXFileReference; lastKnownFileType = wrapper.xcdatamodel; path = NBAstatz.xcdatamodel; sourceTree = "<group>"; };
		F752F9D52048E3A80037B698 /* Assets.xcassets */ = {isa = PBXFileReference; lastKnownFileType = folder.assetcatalog; path = Assets.xcassets; sourceTree = "<group>"; };
		F752F9D82048E3A80037B698 /* Base */ = {isa = PBXFileReference; lastKnownFileType = file.storyboard; name = Base; path = Base.lproj/LaunchScreen.storyboard; sourceTree = "<group>"; };
		F752F9DA2048E3A80037B698 /* Info.plist */ = {isa = PBXFileReference; lastKnownFileType = text.plist.xml; path = Info.plist; sourceTree = "<group>"; };
		F752F9E02048E41A0037B698 /* GoogleService-Info.plist */ = {isa = PBXFileReference; fileEncoding = 4; lastKnownFileType = text.plist.xml; path = "GoogleService-Info.plist"; sourceTree = "<group>"; };
		F752F9E22048F7830037B698 /* CustomAuthViewController.swift */ = {isa = PBXFileReference; lastKnownFileType = sourcecode.swift; path = CustomAuthViewController.swift; sourceTree = "<group>"; };
		F752F9E7204B75AA0037B698 /* SwiftyJSON.framework */ = {isa = PBXFileReference; explicitFileType = wrapper.framework; path = SwiftyJSON.framework; sourceTree = BUILT_PRODUCTS_DIR; };
		F752F9E9204B76590037B698 /* SwiftyJSON.framework */ = {isa = PBXFileReference; explicitFileType = wrapper.framework; path = SwiftyJSON.framework; sourceTree = BUILT_PRODUCTS_DIR; };
		F752F9EA204B779D0037B698 /* MasterNetwork.swift */ = {isa = PBXFileReference; lastKnownFileType = sourcecode.swift; path = MasterNetwork.swift; sourceTree = "<group>"; };
		F752F9EC204B7C280037B698 /* RosterVC.swift */ = {isa = PBXFileReference; lastKnownFileType = sourcecode.swift; path = RosterVC.swift; sourceTree = "<group>"; };
		F785A65E209388EB00783FA7 /* Constants.swift */ = {isa = PBXFileReference; lastKnownFileType = sourcecode.swift; path = Constants.swift; sourceTree = "<group>"; };
/* End PBXFileReference section */

/* Begin PBXFrameworksBuildPhase section */
		F752F9C52048E3A80037B698 /* Frameworks */ = {
			isa = PBXFrameworksBuildPhase;
			buildActionMask = 2147483647;
			files = (
				F752F9E8204B76590037B698 /* SwiftyJSON.framework in Frameworks */,
				DA3E4B92B79F8D24B3E27D36 /* Pods_NBAstatz.framework in Frameworks */,
			);
			runOnlyForDeploymentPostprocessing = 0;
		};
/* End PBXFrameworksBuildPhase section */

/* Begin PBXGroup section */
		44693C16AA3C8478D779B673 /* Pods */ = {
			isa = PBXGroup;
			children = (
				1E14D45BCB0E7DFDEBA18345 /* Pods-NBAstatz.debug.xcconfig */,
				7571A15398CE46898D251469 /* Pods-NBAstatz.release.xcconfig */,
			);
			name = Pods;
			sourceTree = "<group>";
		};
		AD2DE9A0FC7C4FBC68F40669 /* Frameworks */ = {
			isa = PBXGroup;
			children = (
				F752F9E9204B76590037B698 /* SwiftyJSON.framework */,
				F752F9E7204B75AA0037B698 /* SwiftyJSON.framework */,
				8D3BCE62DA0F6BA0A4820355 /* Pods_NBAstatz.framework */,
			);
			name = Frameworks;
			sourceTree = "<group>";
		};
		F752F9BF2048E3A80037B698 = {
			isa = PBXGroup;
			children = (
				F752F9CA2048E3A80037B698 /* NBAstatz */,
				F752F9C92048E3A80037B698 /* Products */,
				44693C16AA3C8478D779B673 /* Pods */,
				AD2DE9A0FC7C4FBC68F40669 /* Frameworks */,
			);
			sourceTree = "<group>";
		};
		F752F9C92048E3A80037B698 /* Products */ = {
			isa = PBXGroup;
			children = (
				F752F9C82048E3A80037B698 /* NBAstatz.app */,
			);
			name = Products;
			sourceTree = "<group>";
		};
		F752F9CA2048E3A80037B698 /* NBAstatz */ = {
			isa = PBXGroup;
			children = (
				F752F9CB2048E3A80037B698 /* AppDelegate.swift */,
				F752F9CD2048E3A80037B698 /* HomeViewController.swift */,
				F752F9E22048F7830037B698 /* CustomAuthViewController.swift */,
				F752F9EA204B779D0037B698 /* MasterNetwork.swift */,
				F73808282097E2ED005D45FF /* AnimateViewController.swift */,
				F752F9EC204B7C280037B698 /* RosterVC.swift */,
				F785A65E209388EB00783FA7 /* Constants.swift */,
				F73808242093FDEE005D45FF /* PlayerClass.swift */,
				F738082620967A82005D45FF /* DataController.swift */,
				F752F9CF2048E3A80037B698 /* Main.storyboard */,
				F752F9D52048E3A80037B698 /* Assets.xcassets */,
				F752F9D72048E3A80037B698 /* LaunchScreen.storyboard */,
				F752F9DA2048E3A80037B698 /* Info.plist */,
				F752F9D22048E3A80037B698 /* NBAstatz.xcdatamodeld */,
				F752F9E02048E41A0037B698 /* GoogleService-Info.plist */,
			);
			path = NBAstatz;
			sourceTree = "<group>";
		};
/* End PBXGroup section */

/* Begin PBXNativeTarget section */
		F752F9C72048E3A80037B698 /* NBAstatz */ = {
			isa = PBXNativeTarget;
			buildConfigurationList = F752F9DD2048E3A80037B698 /* Build configuration list for PBXNativeTarget "NBAstatz" */;
			buildPhases = (
				74A6422E5B1D0F08399BE082 /* [CP] Check Pods Manifest.lock */,
				F752F9C42048E3A80037B698 /* Sources */,
				F752F9C52048E3A80037B698 /* Frameworks */,
				F752F9C62048E3A80037B698 /* Resources */,
				10503F70851A61EC9C7DD122 /* [CP] Embed Pods Frameworks */,
				CDE3FEA5D6CCE4CDB7B64852 /* [CP] Copy Pods Resources */,
			);
			buildRules = (
			);
			dependencies = (
			);
			name = NBAstatz;
			productName = NBAstatz;
			productReference = F752F9C82048E3A80037B698 /* NBAstatz.app */;
			productType = "com.apple.product-type.application";
		};
/* End PBXNativeTarget section */

/* Begin PBXProject section */
		F752F9C02048E3A80037B698 /* Project object */ = {
			isa = PBXProject;
			attributes = {
				LastSwiftUpdateCheck = 0920;
				LastUpgradeCheck = 0920;
				ORGANIZATIONNAME = com.YashasRao99;
				TargetAttributes = {
					F752F9C72048E3A80037B698 = {
						CreatedOnToolsVersion = 9.2;
						ProvisioningStyle = Automatic;
					};
				};
			};
			buildConfigurationList = F752F9C32048E3A80037B698 /* Build configuration list for PBXProject "NBAstatz" */;
			compatibilityVersion = "Xcode 8.0";
			developmentRegion = en;
			hasScannedForEncodings = 0;
			knownRegions = (
				en,
				Base,
			);
			mainGroup = F752F9BF2048E3A80037B698;
			productRefGroup = F752F9C92048E3A80037B698 /* Products */;
			projectDirPath = "";
			projectRoot = "";
			targets = (
				F752F9C72048E3A80037B698 /* NBAstatz */,
			);
		};
/* End PBXProject section */

/* Begin PBXResourcesBuildPhase section */
		F752F9C62048E3A80037B698 /* Resources */ = {
			isa = PBXResourcesBuildPhase;
			buildActionMask = 2147483647;
			files = (
				F752F9E12048E41A0037B698 /* GoogleService-Info.plist in Resources */,
				F752F9D92048E3A80037B698 /* LaunchScreen.storyboard in Resources */,
				F752F9D62048E3A80037B698 /* Assets.xcassets in Resources */,
				F752F9D12048E3A80037B698 /* Main.storyboard in Resources */,
			);
			runOnlyForDeploymentPostprocessing = 0;
		};
/* End PBXResourcesBuildPhase section */

/* Begin PBXShellScriptBuildPhase section */
		10503F70851A61EC9C7DD122 /* [CP] Embed Pods Frameworks */ = {
			isa = PBXShellScriptBuildPhase;
			buildActionMask = 2147483647;
			files = (
			);
			inputPaths = (
				"${SRCROOT}/Pods/Target Support Files/Pods-NBAstatz/Pods-NBAstatz-frameworks.sh",
				"${BUILT_PRODUCTS_DIR}/Bolts/Bolts.framework",
				"${BUILT_PRODUCTS_DIR}/BoringSSL/openssl.framework",
				"${BUILT_PRODUCTS_DIR}/FBSDKCoreKit/FBSDKCoreKit.framework",
				"${BUILT_PRODUCTS_DIR}/FBSDKLoginKit/FBSDKLoginKit.framework",
				"${BUILT_PRODUCTS_DIR}/GTMOAuth2/GTMOAuth2.framework",
				"${BUILT_PRODUCTS_DIR}/GTMSessionFetcher/GTMSessionFetcher.framework",
				"${BUILT_PRODUCTS_DIR}/GoogleToolboxForMac/GoogleToolboxForMac.framework",
				"${BUILT_PRODUCTS_DIR}/Protobuf/Protobuf.framework",
				"${BUILT_PRODUCTS_DIR}/SDWebImage/SDWebImage.framework",
				"${BUILT_PRODUCTS_DIR}/SwiftyJSON/SwiftyJSON.framework",
				"${PODS_ROOT}/TwitterCore/iOS/TwitterCore.framework",
				"${PODS_ROOT}/TwitterKit/iOS/TwitterKit.framework",
				"${BUILT_PRODUCTS_DIR}/gRPC/GRPCClient.framework",
				"${BUILT_PRODUCTS_DIR}/gRPC-Core/grpc.framework",
				"${BUILT_PRODUCTS_DIR}/gRPC-ProtoRPC/ProtoRPC.framework",
				"${BUILT_PRODUCTS_DIR}/gRPC-RxLibrary/RxLibrary.framework",
				"${BUILT_PRODUCTS_DIR}/leveldb-library/leveldb.framework",
				"${BUILT_PRODUCTS_DIR}/nanopb/nanopb.framework",
			);
			name = "[CP] Embed Pods Frameworks";
			outputPaths = (
				"${TARGET_BUILD_DIR}/${FRAMEWORKS_FOLDER_PATH}/Bolts.framework",
				"${TARGET_BUILD_DIR}/${FRAMEWORKS_FOLDER_PATH}/openssl.framework",
				"${TARGET_BUILD_DIR}/${FRAMEWORKS_FOLDER_PATH}/FBSDKCoreKit.framework",
				"${TARGET_BUILD_DIR}/${FRAMEWORKS_FOLDER_PATH}/FBSDKLoginKit.framework",
				"${TARGET_BUILD_DIR}/${FRAMEWORKS_FOLDER_PATH}/GTMOAuth2.framework",
				"${TARGET_BUILD_DIR}/${FRAMEWORKS_FOLDER_PATH}/GTMSessionFetcher.framework",
				"${TARGET_BUILD_DIR}/${FRAMEWORKS_FOLDER_PATH}/GoogleToolboxForMac.framework",
				"${TARGET_BUILD_DIR}/${FRAMEWORKS_FOLDER_PATH}/Protobuf.framework",
				"${TARGET_BUILD_DIR}/${FRAMEWORKS_FOLDER_PATH}/SDWebImage.framework",
				"${TARGET_BUILD_DIR}/${FRAMEWORKS_FOLDER_PATH}/SwiftyJSON.framework",
				"${TARGET_BUILD_DIR}/${FRAMEWORKS_FOLDER_PATH}/TwitterCore.framework",
				"${TARGET_BUILD_DIR}/${FRAMEWORKS_FOLDER_PATH}/TwitterKit.framework",
				"${TARGET_BUILD_DIR}/${FRAMEWORKS_FOLDER_PATH}/GRPCClient.framework",
				"${TARGET_BUILD_DIR}/${FRAMEWORKS_FOLDER_PATH}/grpc.framework",
				"${TARGET_BUILD_DIR}/${FRAMEWORKS_FOLDER_PATH}/ProtoRPC.framework",
				"${TARGET_BUILD_DIR}/${FRAMEWORKS_FOLDER_PATH}/RxLibrary.framework",
				"${TARGET_BUILD_DIR}/${FRAMEWORKS_FOLDER_PATH}/leveldb.framework",
				"${TARGET_BUILD_DIR}/${FRAMEWORKS_FOLDER_PATH}/nanopb.framework",
			);
			runOnlyForDeploymentPostprocessing = 0;
			shellPath = /bin/sh;
			shellScript = "\"${SRCROOT}/Pods/Target Support Files/Pods-NBAstatz/Pods-NBAstatz-frameworks.sh\"\n";
			showEnvVarsInLog = 0;
		};
		74A6422E5B1D0F08399BE082 /* [CP] Check Pods Manifest.lock */ = {
			isa = PBXShellScriptBuildPhase;
			buildActionMask = 2147483647;
			files = (
			);
			inputPaths = (
				"${PODS_PODFILE_DIR_PATH}/Podfile.lock",
				"${PODS_ROOT}/Manifest.lock",
			);
			name = "[CP] Check Pods Manifest.lock";
			outputPaths = (
				"$(DERIVED_FILE_DIR)/Pods-NBAstatz-checkManifestLockResult.txt",
			);
			runOnlyForDeploymentPostprocessing = 0;
			shellPath = /bin/sh;
			shellScript = "diff \"${PODS_PODFILE_DIR_PATH}/Podfile.lock\" \"${PODS_ROOT}/Manifest.lock\" > /dev/null\nif [ $? != 0 ] ; then\n    # print error to STDERR\n    echo \"error: The sandbox is not in sync with the Podfile.lock. Run 'pod install' or update your CocoaPods installation.\" >&2\n    exit 1\nfi\n# This output is used by Xcode 'outputs' to avoid re-running this script phase.\necho \"SUCCESS\" > \"${SCRIPT_OUTPUT_FILE_0}\"\n";
			showEnvVarsInLog = 0;
		};
		CDE3FEA5D6CCE4CDB7B64852 /* [CP] Copy Pods Resources */ = {
			isa = PBXShellScriptBuildPhase;
			buildActionMask = 2147483647;
			files = (
			);
			inputPaths = (
				"${SRCROOT}/Pods/Target Support Files/Pods-NBAstatz/Pods-NBAstatz-resources.sh",
				"${PODS_CONFIGURATION_BUILD_DIR}/FirebaseUI/FirebaseAuthUI.bundle",
				"${PODS_CONFIGURATION_BUILD_DIR}/FirebaseUI/FirebaseFacebookAuthUI.bundle",
				"${PODS_CONFIGURATION_BUILD_DIR}/FirebaseUI/FirebaseGoogleAuthUI.bundle",
				"${PODS_CONFIGURATION_BUILD_DIR}/FirebaseUI/FirebasePhoneAuthUI.bundle",
				"${PODS_CONFIGURATION_BUILD_DIR}/FirebaseUI/FirebaseTwitterAuthUI.bundle",
				"${PODS_ROOT}/GoogleSignIn/Resources/GoogleSignIn.bundle",
				"${PODS_ROOT}/TwitterKit/iOS/TwitterKit.framework/TwitterKitResources.bundle",
				"${PODS_ROOT}/TwitterKit/iOS/TwitterKit.framework/TwitterShareExtensionUIResources.bundle",
			);
			name = "[CP] Copy Pods Resources";
			outputPaths = (
				"${TARGET_BUILD_DIR}/${UNLOCALIZED_RESOURCES_FOLDER_PATH}/FirebaseAuthUI.bundle",
				"${TARGET_BUILD_DIR}/${UNLOCALIZED_RESOURCES_FOLDER_PATH}/FirebaseFacebookAuthUI.bundle",
				"${TARGET_BUILD_DIR}/${UNLOCALIZED_RESOURCES_FOLDER_PATH}/FirebaseGoogleAuthUI.bundle",
				"${TARGET_BUILD_DIR}/${UNLOCALIZED_RESOURCES_FOLDER_PATH}/FirebasePhoneAuthUI.bundle",
				"${TARGET_BUILD_DIR}/${UNLOCALIZED_RESOURCES_FOLDER_PATH}/FirebaseTwitterAuthUI.bundle",
				"${TARGET_BUILD_DIR}/${UNLOCALIZED_RESOURCES_FOLDER_PATH}/GoogleSignIn.bundle",
				"${TARGET_BUILD_DIR}/${UNLOCALIZED_RESOURCES_FOLDER_PATH}/TwitterKitResources.bundle",
				"${TARGET_BUILD_DIR}/${UNLOCALIZED_RESOURCES_FOLDER_PATH}/TwitterShareExtensionUIResources.bundle",
			);
			runOnlyForDeploymentPostprocessing = 0;
			shellPath = /bin/sh;
			shellScript = "\"${SRCROOT}/Pods/Target Support Files/Pods-NBAstatz/Pods-NBAstatz-resources.sh\"\n";
			showEnvVarsInLog = 0;
		};
/* End PBXShellScriptBuildPhase section */

/* Begin PBXSourcesBuildPhase section */
		F752F9C42048E3A80037B698 /* Sources */ = {
			isa = PBXSourcesBuildPhase;
			buildActionMask = 2147483647;
			files = (
				F73808292097E2ED005D45FF /* AnimateViewController.swift in Sources */,
				F752F9CE2048E3A80037B698 /* HomeViewController.swift in Sources */,
				F752F9E32048F7830037B698 /* CustomAuthViewController.swift in Sources */,
				F752F9EB204B779D0037B698 /* MasterNetwork.swift in Sources */,
				F752F9ED204B7C280037B698 /* RosterVC.swift in Sources */,
				F738082720967A82005D45FF /* DataController.swift in Sources */,
				F785A65F209388EB00783FA7 /* Constants.swift in Sources */,
				F752F9D42048E3A80037B698 /* NBAstatz.xcdatamodeld in Sources */,
				F752F9CC2048E3A80037B698 /* AppDelegate.swift in Sources */,
				F73808252093FDEE005D45FF /* PlayerClass.swift in Sources */,
			);
			runOnlyForDeploymentPostprocessing = 0;
		};
/* End PBXSourcesBuildPhase section */

/* Begin PBXVariantGroup section */
		F752F9CF2048E3A80037B698 /* Main.storyboard */ = {
			isa = PBXVariantGroup;
			children = (
				F752F9D02048E3A80037B698 /* Base */,
			);
			name = Main.storyboard;
			sourceTree = "<group>";
		};
		F752F9D72048E3A80037B698 /* LaunchScreen.storyboard */ = {
			isa = PBXVariantGroup;
			children = (
				F752F9D82048E3A80037B698 /* Base */,
			);
			name = LaunchScreen.storyboard;
			sourceTree = "<group>";
		};
/* End PBXVariantGroup section */

/* Begin XCBuildConfiguration section */
		F752F9DB2048E3A80037B698 /* Debug */ = {
			isa = XCBuildConfiguration;
			buildSettings = {
				ALWAYS_SEARCH_USER_PATHS = NO;
				CLANG_ANALYZER_NONNULL = YES;
				CLANG_ANALYZER_NUMBER_OBJECT_CONVERSION = YES_AGGRESSIVE;
				CLANG_CXX_LANGUAGE_STANDARD = "gnu++14";
				CLANG_CXX_LIBRARY = "libc++";
				CLANG_ENABLE_MODULES = YES;
				CLANG_ENABLE_OBJC_ARC = YES;
				CLANG_WARN_BLOCK_CAPTURE_AUTORELEASING = YES;
				CLANG_WARN_BOOL_CONVERSION = YES;
				CLANG_WARN_COMMA = YES;
				CLANG_WARN_CONSTANT_CONVERSION = YES;
				CLANG_WARN_DIRECT_OBJC_ISA_USAGE = YES_ERROR;
				CLANG_WARN_DOCUMENTATION_COMMENTS = YES;
				CLANG_WARN_EMPTY_BODY = YES;
				CLANG_WARN_ENUM_CONVERSION = YES;
				CLANG_WARN_INFINITE_RECURSION = YES;
				CLANG_WARN_INT_CONVERSION = YES;
				CLANG_WARN_NON_LITERAL_NULL_CONVERSION = YES;
				CLANG_WARN_OBJC_LITERAL_CONVERSION = YES;
				CLANG_WARN_OBJC_ROOT_CLASS = YES_ERROR;
				CLANG_WARN_RANGE_LOOP_ANALYSIS = YES;
				CLANG_WARN_STRICT_PROTOTYPES = YES;
				CLANG_WARN_SUSPICIOUS_MOVE = YES;
				CLANG_WARN_UNGUARDED_AVAILABILITY = YES_AGGRESSIVE;
				CLANG_WARN_UNREACHABLE_CODE = YES;
				CLANG_WARN__DUPLICATE_METHOD_MATCH = YES;
				CODE_SIGN_IDENTITY = "iPhone Developer";
				COPY_PHASE_STRIP = NO;
				DEBUG_INFORMATION_FORMAT = dwarf;
				ENABLE_STRICT_OBJC_MSGSEND = YES;
				ENABLE_TESTABILITY = YES;
				GCC_C_LANGUAGE_STANDARD = gnu11;
				GCC_DYNAMIC_NO_PIC = NO;
				GCC_NO_COMMON_BLOCKS = YES;
				GCC_OPTIMIZATION_LEVEL = 0;
				GCC_PREPROCESSOR_DEFINITIONS = (
					"DEBUG=1",
					"$(inherited)",
				);
				GCC_WARN_64_TO_32_BIT_CONVERSION = YES;
				GCC_WARN_ABOUT_RETURN_TYPE = YES_ERROR;
				GCC_WARN_UNDECLARED_SELECTOR = YES;
				GCC_WARN_UNINITIALIZED_AUTOS = YES_AGGRESSIVE;
				GCC_WARN_UNUSED_FUNCTION = YES;
				GCC_WARN_UNUSED_VARIABLE = YES;
				IPHONEOS_DEPLOYMENT_TARGET = 11.2;
				MTL_ENABLE_DEBUG_INFO = YES;
				ONLY_ACTIVE_ARCH = YES;
				SDKROOT = iphoneos;
				SWIFT_ACTIVE_COMPILATION_CONDITIONS = DEBUG;
				SWIFT_OPTIMIZATION_LEVEL = "-Onone";
			};
			name = Debug;
		};
		F752F9DC2048E3A80037B698 /* Release */ = {
			isa = XCBuildConfiguration;
			buildSettings = {
				ALWAYS_SEARCH_USER_PATHS = NO;
				CLANG_ANALYZER_NONNULL = YES;
				CLANG_ANALYZER_NUMBER_OBJECT_CONVERSION = YES_AGGRESSIVE;
				CLANG_CXX_LANGUAGE_STANDARD = "gnu++14";
				CLANG_CXX_LIBRARY = "libc++";
				CLANG_ENABLE_MODULES = YES;
				CLANG_ENABLE_OBJC_ARC = YES;
				CLANG_WARN_BLOCK_CAPTURE_AUTORELEASING = YES;
				CLANG_WARN_BOOL_CONVERSION = YES;
				CLANG_WARN_COMMA = YES;
				CLANG_WARN_CONSTANT_CONVERSION = YES;
				CLANG_WARN_DIRECT_OBJC_ISA_USAGE = YES_ERROR;
				CLANG_WARN_DOCUMENTATION_COMMENTS = YES;
				CLANG_WARN_EMPTY_BODY = YES;
				CLANG_WARN_ENUM_CONVERSION = YES;
				CLANG_WARN_INFINITE_RECURSION = YES;
				CLANG_WARN_INT_CONVERSION = YES;
				CLANG_WARN_NON_LITERAL_NULL_CONVERSION = YES;
				CLANG_WARN_OBJC_LITERAL_CONVERSION = YES;
				CLANG_WARN_OBJC_ROOT_CLASS = YES_ERROR;
				CLANG_WARN_RANGE_LOOP_ANALYSIS = YES;
				CLANG_WARN_STRICT_PROTOTYPES = YES;
				CLANG_WARN_SUSPICIOUS_MOVE = YES;
				CLANG_WARN_UNGUARDED_AVAILABILITY = YES_AGGRESSIVE;
				CLANG_WARN_UNREACHABLE_CODE = YES;
				CLANG_WARN__DUPLICATE_METHOD_MATCH = YES;
				CODE_SIGN_IDENTITY = "iPhone Developer";
				COPY_PHASE_STRIP = NO;
				DEBUG_INFORMATION_FORMAT = "dwarf-with-dsym";
				ENABLE_NS_ASSERTIONS = NO;
				ENABLE_STRICT_OBJC_MSGSEND = YES;
				GCC_C_LANGUAGE_STANDARD = gnu11;
				GCC_NO_COMMON_BLOCKS = YES;
				GCC_WARN_64_TO_32_BIT_CONVERSION = YES;
				GCC_WARN_ABOUT_RETURN_TYPE = YES_ERROR;
				GCC_WARN_UNDECLARED_SELECTOR = YES;
				GCC_WARN_UNINITIALIZED_AUTOS = YES_AGGRESSIVE;
				GCC_WARN_UNUSED_FUNCTION = YES;
				GCC_WARN_UNUSED_VARIABLE = YES;
				IPHONEOS_DEPLOYMENT_TARGET = 11.2;
				MTL_ENABLE_DEBUG_INFO = NO;
				SDKROOT = iphoneos;
				SWIFT_OPTIMIZATION_LEVEL = "-Owholemodule";
				VALIDATE_PRODUCT = YES;
			};
			name = Release;
		};
		F752F9DE2048E3A80037B698 /* Debug */ = {
			isa = XCBuildConfiguration;
			baseConfigurationReference = 1E14D45BCB0E7DFDEBA18345 /* Pods-NBAstatz.debug.xcconfig */;
			buildSettings = {
				ASSETCATALOG_COMPILER_APPICON_NAME = AppIcon;
				CODE_SIGN_STYLE = Automatic;
				DEVELOPMENT_TEAM = L3WCZURK57;
				INFOPLIST_FILE = NBAstatz/Info.plist;
				LD_RUNPATH_SEARCH_PATHS = "$(inherited) @executable_path/Frameworks";
				PRODUCT_BUNDLE_IDENTIFIER = com.YashasRao99.NBAstatz;
				PRODUCT_NAME = "$(TARGET_NAME)";
				SWIFT_VERSION = 4.0;
				TARGETED_DEVICE_FAMILY = "1,2";
			};
			name = Debug;
		};
		F752F9DF2048E3A80037B698 /* Release */ = {
			isa = XCBuildConfiguration;
			baseConfigurationReference = 7571A15398CE46898D251469 /* Pods-NBAstatz.release.xcconfig */;
			buildSettings = {
				ASSETCATALOG_COMPILER_APPICON_NAME = AppIcon;
				CODE_SIGN_STYLE = Automatic;
				DEVELOPMENT_TEAM = L3WCZURK57;
				INFOPLIST_FILE = NBAstatz/Info.plist;
				LD_RUNPATH_SEARCH_PATHS = "$(inherited) @executable_path/Frameworks";
				PRODUCT_BUNDLE_IDENTIFIER = com.YashasRao99.NBAstatz;
				PRODUCT_NAME = "$(TARGET_NAME)";
				SWIFT_VERSION = 4.0;
				TARGETED_DEVICE_FAMILY = "1,2";
			};
			name = Release;
		};
/* End XCBuildConfiguration section */

/* Begin XCConfigurationList section */
		F752F9C32048E3A80037B698 /* Build configuration list for PBXProject "NBAstatz" */ = {
			isa = XCConfigurationList;
			buildConfigurations = (
				F752F9DB2048E3A80037B698 /* Debug */,
				F752F9DC2048E3A80037B698 /* Release */,
			);
			defaultConfigurationIsVisible = 0;
			defaultConfigurationName = Release;
		};
		F752F9DD2048E3A80037B698 /* Build configuration list for PBXNativeTarget "NBAstatz" */ = {
			isa = XCConfigurationList;
			buildConfigurations = (
				F752F9DE2048E3A80037B698 /* Debug */,
				F752F9DF2048E3A80037B698 /* Release */,
			);
			defaultConfigurationIsVisible = 0;
			defaultConfigurationName = Release;
		};
/* End XCConfigurationList section */

/* Begin XCVersionGroup section */
		F752F9D22048E3A80037B698 /* NBAstatz.xcdatamodeld */ = {
			isa = XCVersionGroup;
			children = (
				F752F9D32048E3A80037B698 /* NBAstatz.xcdatamodel */,
			);
			currentVersion = F752F9D32048E3A80037B698 /* NBAstatz.xcdatamodel */;
			path = NBAstatz.xcdatamodeld;
			sourceTree = "<group>";
			versionGroupType = wrapper.xcdatamodel;
		};
/* End XCVersionGroup section */
	};
	rootObject = F752F9C02048E3A80037B698 /* Project object */;
}
